// !$*UTF8*$!
{
	archiveVersion = 1;
	classes = {
	};
	objectVersion = 51;
	objects = {

/* Begin PBXBuildFile section */
		87246DEC259322DE00CA4AE0 /* AppDelegate.swift in Sources */ = {isa = PBXBuildFile; fileRef = 87246DEB259322DE00CA4AE0 /* AppDelegate.swift */; };
		87246DEE259322DE00CA4AE0 /* SceneDelegate.swift in Sources */ = {isa = PBXBuildFile; fileRef = 87246DED259322DE00CA4AE0 /* SceneDelegate.swift */; };
		87246DF0259322DE00CA4AE0 /* ViewController.swift in Sources */ = {isa = PBXBuildFile; fileRef = 87246DEF259322DE00CA4AE0 /* ViewController.swift */; };
		87246DF3259322DE00CA4AE0 /* Main.storyboard in Resources */ = {isa = PBXBuildFile; fileRef = 87246DF1259322DE00CA4AE0 /* Main.storyboard */; };
		87246DF6259322DE00CA4AE0 /* test.xcdatamodeld in Sources */ = {isa = PBXBuildFile; fileRef = 87246DF4259322DE00CA4AE0 /* test.xcdatamodeld */; };
		87246DF8259322E100CA4AE0 /* Assets.xcassets in Resources */ = {isa = PBXBuildFile; fileRef = 87246DF7259322E100CA4AE0 /* Assets.xcassets */; };
		87246DFB259322E100CA4AE0 /* LaunchScreen.storyboard in Resources */ = {isa = PBXBuildFile; fileRef = 87246DF9259322E100CA4AE0 /* LaunchScreen.storyboard */; };
		87246E3A25932B4500CA4AE0 /* CurrencyList.swift in Sources */ = {isa = PBXBuildFile; fileRef = 87246E3925932B4500CA4AE0 /* CurrencyList.swift */; };
		87246E422593359800CA4AE0 /* GlobalMethod.swift in Sources */ = {isa = PBXBuildFile; fileRef = 87246E412593359800CA4AE0 /* GlobalMethod.swift */; };
		FDF20378E1E53D767D18C1E9 /* Pods_test.framework in Frameworks */ = {isa = PBXBuildFile; fileRef = D775776FDF1905EE06A5F287 /* Pods_test.framework */; };
/* End PBXBuildFile section */

/* Begin PBXFileReference section */
		2BBACD0307FF7D84374CCC9F /* Pods-test.release.xcconfig */ = {isa = PBXFileReference; includeInIndex = 1; lastKnownFileType = text.xcconfig; name = "Pods-test.release.xcconfig"; path = "Target Support Files/Pods-test/Pods-test.release.xcconfig"; sourceTree = "<group>"; };
		87246DE8259322DE00CA4AE0 /* test.app */ = {isa = PBXFileReference; explicitFileType = wrapper.application; includeInIndex = 0; path = test.app; sourceTree = BUILT_PRODUCTS_DIR; };
		87246DEB259322DE00CA4AE0 /* AppDelegate.swift */ = {isa = PBXFileReference; lastKnownFileType = sourcecode.swift; path = AppDelegate.swift; sourceTree = "<group>"; };
		87246DED259322DE00CA4AE0 /* SceneDelegate.swift */ = {isa = PBXFileReference; lastKnownFileType = sourcecode.swift; path = SceneDelegate.swift; sourceTree = "<group>"; };
		87246DEF259322DE00CA4AE0 /* ViewController.swift */ = {isa = PBXFileReference; lastKnownFileType = sourcecode.swift; path = ViewController.swift; sourceTree = "<group>"; };
		87246DF2259322DE00CA4AE0 /* Base */ = {isa = PBXFileReference; lastKnownFileType = file.storyboard; name = Base; path = Base.lproj/Main.storyboard; sourceTree = "<group>"; };
		87246DF5259322DE00CA4AE0 /* test.xcdatamodel */ = {isa = PBXFileReference; lastKnownFileType = wrapper.xcdatamodel; path = test.xcdatamodel; sourceTree = "<group>"; };
		87246DF7259322E100CA4AE0 /* Assets.xcassets */ = {isa = PBXFileReference; lastKnownFileType = folder.assetcatalog; path = Assets.xcassets; sourceTree = "<group>"; };
		87246DFA259322E100CA4AE0 /* Base */ = {isa = PBXFileReference; lastKnownFileType = file.storyboard; name = Base; path = Base.lproj/LaunchScreen.storyboard; sourceTree = "<group>"; };
		87246DFC259322E100CA4AE0 /* Info.plist */ = {isa = PBXFileReference; lastKnownFileType = text.plist.xml; path = Info.plist; sourceTree = "<group>"; };
		87246E3925932B4500CA4AE0 /* CurrencyList.swift */ = {isa = PBXFileReference; lastKnownFileType = sourcecode.swift; path = CurrencyList.swift; sourceTree = "<group>"; };
		87246E412593359800CA4AE0 /* GlobalMethod.swift */ = {isa = PBXFileReference; lastKnownFileType = sourcecode.swift; path = GlobalMethod.swift; sourceTree = "<group>"; };
		CC5A9A2691549B603EBA5362 /* Pods-test.debug.xcconfig */ = {isa = PBXFileReference; includeInIndex = 1; lastKnownFileType = text.xcconfig; name = "Pods-test.debug.xcconfig"; path = "Target Support Files/Pods-test/Pods-test.debug.xcconfig"; sourceTree = "<group>"; };
		D775776FDF1905EE06A5F287 /* Pods_test.framework */ = {isa = PBXFileReference; explicitFileType = wrapper.framework; includeInIndex = 0; path = Pods_test.framework; sourceTree = BUILT_PRODUCTS_DIR; };
/* End PBXFileReference section */

/* Begin PBXFrameworksBuildPhase section */
		87246DE5259322DE00CA4AE0 /* Frameworks */ = {
			isa = PBXFrameworksBuildPhase;
			buildActionMask = 2147483647;
			files = (
				FDF20378E1E53D767D18C1E9 /* Pods_test.framework in Frameworks */,
			);
			runOnlyForDeploymentPostprocessing = 0;
		};
/* End PBXFrameworksBuildPhase section */

/* Begin PBXGroup section */
		48A53BC0FA1D20907919DB64 /* Frameworks */ = {
			isa = PBXGroup;
			children = (
				D775776FDF1905EE06A5F287 /* Pods_test.framework */,
			);
			name = Frameworks;
			sourceTree = "<group>";
		};
		6696DCB319A8578BAE1F0041 /* Pods */ = {
			isa = PBXGroup;
			children = (
				CC5A9A2691549B603EBA5362 /* Pods-test.debug.xcconfig */,
				2BBACD0307FF7D84374CCC9F /* Pods-test.release.xcconfig */,
			);
			path = Pods;
			sourceTree = "<group>";
		};
		87246DDF259322DE00CA4AE0 = {
			isa = PBXGroup;
			children = (
				87246DEA259322DE00CA4AE0 /* test */,
				87246DE9259322DE00CA4AE0 /* Products */,
				6696DCB319A8578BAE1F0041 /* Pods */,
				48A53BC0FA1D20907919DB64 /* Frameworks */,
			);
			sourceTree = "<group>";
		};
		87246DE9259322DE00CA4AE0 /* Products */ = {
			isa = PBXGroup;
			children = (
				87246DE8259322DE00CA4AE0 /* test.app */,
			);
			name = Products;
			sourceTree = "<group>";
		};
		87246DEA259322DE00CA4AE0 /* test */ = {
			isa = PBXGroup;
			children = (
				87246DEB259322DE00CA4AE0 /* AppDelegate.swift */,
				87246DED259322DE00CA4AE0 /* SceneDelegate.swift */,
				87246DEF259322DE00CA4AE0 /* ViewController.swift */,
				87246E3925932B4500CA4AE0 /* CurrencyList.swift */,
				87246E412593359800CA4AE0 /* GlobalMethod.swift */,
				87246DF1259322DE00CA4AE0 /* Main.storyboard */,
				87246DF7259322E100CA4AE0 /* Assets.xcassets */,
				87246DF9259322E100CA4AE0 /* LaunchScreen.storyboard */,
				87246DFC259322E100CA4AE0 /* Info.plist */,
				87246DF4259322DE00CA4AE0 /* test.xcdatamodeld */,
			);
			path = test;
			sourceTree = "<group>";
		};
/* End PBXGroup section */

/* Begin PBXNativeTarget section */
		87246DE7259322DE00CA4AE0 /* test */ = {
			isa = PBXNativeTarget;
			buildConfigurationList = 87246DFF259322E100CA4AE0 /* Build configuration list for PBXNativeTarget "test" */;
			buildPhases = (
				AA811300EDF3D1041C584211 /* [CP] Check Pods Manifest.lock */,
				87246DE4259322DE00CA4AE0 /* Sources */,
				87246DE5259322DE00CA4AE0 /* Frameworks */,
				87246DE6259322DE00CA4AE0 /* Resources */,
				839571E7BF1B458CFE3825BA /* [CP] Embed Pods Frameworks */,
			);
			buildRules = (
			);
			dependencies = (
			);
			name = test;
			productName = test;
			productReference = 87246DE8259322DE00CA4AE0 /* test.app */;
			productType = "com.apple.product-type.application";
		};
/* End PBXNativeTarget section */

/* Begin PBXProject section */
		87246DE0259322DE00CA4AE0 /* Project object */ = {
			isa = PBXProject;
			attributes = {
				LastSwiftUpdateCheck = 1230;
				LastUpgradeCheck = 1230;
				TargetAttributes = {
					87246DE7259322DE00CA4AE0 = {
						CreatedOnToolsVersion = 12.3;
					};
				};
			};
			buildConfigurationList = 87246DE3259322DE00CA4AE0 /* Build configuration list for PBXProject "test" */;
			compatibilityVersion = "Xcode 9.3";
			developmentRegion = en;
			hasScannedForEncodings = 0;
			knownRegions = (
				en,
				Base,
			);
			mainGroup = 87246DDF259322DE00CA4AE0;
			productRefGroup = 87246DE9259322DE00CA4AE0 /* Products */;
			projectDirPath = "";
			projectRoot = "";
			targets = (
				87246DE7259322DE00CA4AE0 /* test */,
			);
		};
/* End PBXProject section */

/* Begin PBXResourcesBuildPhase section */
		87246DE6259322DE00CA4AE0 /* Resources */ = {
			isa = PBXResourcesBuildPhase;
			buildActionMask = 2147483647;
			files = (
				87246DFB259322E100CA4AE0 /* LaunchScreen.storyboard in Resources */,
				87246DF8259322E100CA4AE0 /* Assets.xcassets in Resources */,
				87246DF3259322DE00CA4AE0 /* Main.storyboard in Resources */,
			);
			runOnlyForDeploymentPostprocessing = 0;
		};
/* End PBXResourcesBuildPhase section */

/* Begin PBXShellScriptBuildPhase section */
		839571E7BF1B458CFE3825BA /* [CP] Embed Pods Frameworks */ = {
			isa = PBXShellScriptBuildPhase;
			buildActionMask = 2147483647;
			files = (
			);
			inputFileListPaths = (
				"${PODS_ROOT}/Target Support Files/Pods-test/Pods-test-frameworks-${CONFIGURATION}-input-files.xcfilelist",
			);
			name = "[CP] Embed Pods Frameworks";
			outputFileListPaths = (
				"${PODS_ROOT}/Target Support Files/Pods-test/Pods-test-frameworks-${CONFIGURATION}-output-files.xcfilelist",
			);
			runOnlyForDeploymentPostprocessing = 0;
			shellPath = /bin/sh;
			shellScript = "\"${PODS_ROOT}/Target Support Files/Pods-test/Pods-test-frameworks.sh\"\n";
			showEnvVarsInLog = 0;
		};
		AA811300EDF3D1041C584211 /* [CP] Check Pods Manifest.lock */ = {
			isa = PBXShellScriptBuildPhase;
			buildActionMask = 2147483647;
			files = (
			);
			inputFileListPaths = (
			);
			inputPaths = (
				"${PODS_PODFILE_DIR_PATH}/Podfile.lock",
				"${PODS_ROOT}/Manifest.lock",
			);
			name = "[CP] Check Pods Manifest.lock";
			outputFileListPaths = (
			);
			outputPaths = (
				"$(DERIVED_FILE_DIR)/Pods-test-checkManifestLockResult.txt",
			);
			runOnlyForDeploymentPostprocessing = 0;
			shellPath = /bin/sh;
			shellScript = "diff \"${PODS_PODFILE_DIR_PATH}/Podfile.lock\" \"${PODS_ROOT}/Manifest.lock\" > /dev/null\nif [ $? != 0 ] ; then\n    # print error to STDERR\n    echo \"error: The sandbox is not in sync with the Podfile.lock. Run 'pod install' or update your CocoaPods installation.\" >&2\n    exit 1\nfi\n# This output is used by Xcode 'outputs' to avoid re-running this script phase.\necho \"SUCCESS\" > \"${SCRIPT_OUTPUT_FILE_0}\"\n";
			showEnvVarsInLog = 0;
		};
/* End PBXShellScriptBuildPhase section */

/* Begin PBXSourcesBuildPhase section */
		87246DE4259322DE00CA4AE0 /* Sources */ = {
			isa = PBXSourcesBuildPhase;
			buildActionMask = 2147483647;
			files = (
				87246E3A25932B4500CA4AE0 /* CurrencyList.swift in Sources */,
				87246DF0259322DE00CA4AE0 /* ViewController.swift in Sources */,
				87246DF6259322DE00CA4AE0 /* test.xcdatamodeld in Sources */,
				87246E422593359800CA4AE0 /* GlobalMethod.swift in Sources */,
				87246DEC259322DE00CA4AE0 /* AppDelegate.swift in Sources */,
				87246DEE259322DE00CA4AE0 /* SceneDelegate.swift in Sources */,
			);
			runOnlyForDeploymentPostprocessing = 0;
		};
/* End PBXSourcesBuildPhase section */

/* Begin PBXVariantGroup section */
		87246DF1259322DE00CA4AE0 /* Main.storyboard */ = {
			isa = PBXVariantGroup;
			children = (
				87246DF2259322DE00CA4AE0 /* Base */,
			);
			name = Main.storyboard;
			sourceTree = "<group>";
		};
		87246DF9259322E100CA4AE0 /* LaunchScreen.storyboard */ = {
			isa = PBXVariantGroup;
			children = (
				87246DFA259322E100CA4AE0 /* Base */,
			);
			name = LaunchScreen.storyboard;
			sourceTree = "<group>";
		};
/* End PBXVariantGroup section */

/* Begin XCBuildConfiguration section */
		87246DFD259322E100CA4AE0 /* Debug */ = {
			isa = XCBuildConfiguration;
			buildSettings = {
				ALWAYS_SEARCH_USER_PATHS = NO;
				CLANG_ANALYZER_NONNULL = YES;
				CLANG_ANALYZER_NUMBER_OBJECT_CONVERSION = YES_AGGRESSIVE;
				CLANG_CXX_LANGUAGE_STANDARD = "gnu++14";
				CLANG_CXX_LIBRARY = "libc++";
				CLANG_ENABLE_MODULES = YES;
				CLANG_ENABLE_OBJC_ARC = YES;
				CLANG_ENABLE_OBJC_WEAK = YES;
				CLANG_WARN_BLOCK_CAPTURE_AUTORELEASING = YES;
				CLANG_WARN_BOOL_CONVERSION = YES;
				CLANG_WARN_COMMA = YES;
				CLANG_WARN_CONSTANT_CONVERSION = YES;
				CLANG_WARN_DEPRECATED_OBJC_IMPLEMENTATIONS = YES;
				CLANG_WARN_DIRECT_OBJC_ISA_USAGE = YES_ERROR;
				CLANG_WARN_DOCUMENTATION_COMMENTS = YES;
				CLANG_WARN_EMPTY_BODY = YES;
				CLANG_WARN_ENUM_CONVERSION = YES;
				CLANG_WARN_INFINITE_RECURSION = YES;
				CLANG_WARN_INT_CONVERSION = YES;
				CLANG_WARN_NON_LITERAL_NULL_CONVERSION = YES;
				CLANG_WARN_OBJC_IMPLICIT_RETAIN_SELF = YES;
				CLANG_WARN_OBJC_LITERAL_CONVERSION = YES;
				CLANG_WARN_OBJC_ROOT_CLASS = YES_ERROR;
				CLANG_WARN_QUOTED_INCLUDE_IN_FRAMEWORK_HEADER = YES;
				CLANG_WARN_RANGE_LOOP_ANALYSIS = YES;
				CLANG_WARN_STRICT_PROTOTYPES = YES;
				CLANG_WARN_SUSPICIOUS_MOVE = YES;
				CLANG_WARN_UNGUARDED_AVAILABILITY = YES_AGGRESSIVE;
				CLANG_WARN_UNREACHABLE_CODE = YES;
				CLANG_WARN__DUPLICATE_METHOD_MATCH = YES;
				COPY_PHASE_STRIP = NO;
				DEBUG_INFORMATION_FORMAT = dwarf;
				ENABLE_STRICT_OBJC_MSGSEND = YES;
				ENABLE_TESTABILITY = YES;
				GCC_C_LANGUAGE_STANDARD = gnu11;
				GCC_DYNAMIC_NO_PIC = NO;
				GCC_NO_COMMON_BLOCKS = YES;
				GCC_OPTIMIZATION_LEVEL = 0;
				GCC_PREPROCESSOR_DEFINITIONS = (
					"DEBUG=1",
					"$(inherited)",
				);
				GCC_WARN_64_TO_32_BIT_CONVERSION = YES;
				GCC_WARN_ABOUT_RETURN_TYPE = YES_ERROR;
				GCC_WARN_UNDECLARED_SELECTOR = YES;
				GCC_WARN_UNINITIALIZED_AUTOS = YES_AGGRESSIVE;
				GCC_WARN_UNUSED_FUNCTION = YES;
				GCC_WARN_UNUSED_VARIABLE = YES;
				IPHONEOS_DEPLOYMENT_TARGET = 14.3;
				MTL_ENABLE_DEBUG_INFO = INCLUDE_SOURCE;
				MTL_FAST_MATH = YES;
				ONLY_ACTIVE_ARCH = YES;
				SDKROOT = iphoneos;
				SWIFT_ACTIVE_COMPILATION_CONDITIONS = DEBUG;
				SWIFT_OPTIMIZATION_LEVEL = "-Onone";
			};
			name = Debug;
		};
		87246DFE259322E100CA4AE0 /* Release */ = {
			isa = XCBuildConfiguration;
			buildSettings = {
				ALWAYS_SEARCH_USER_PATHS = NO;
				CLANG_ANALYZER_NONNULL = YES;
				CLANG_ANALYZER_NUMBER_OBJECT_CONVERSION = YES_AGGRESSIVE;
				CLANG_CXX_LANGUAGE_STANDARD = "gnu++14";
				CLANG_CXX_LIBRARY = "libc++";
				CLANG_ENABLE_MODULES = YES;
				CLANG_ENABLE_OBJC_ARC = YES;
				CLANG_ENABLE_OBJC_WEAK = YES;
				CLANG_WARN_BLOCK_CAPTURE_AUTORELEASING = YES;
				CLANG_WARN_BOOL_CONVERSION = YES;
				CLANG_WARN_COMMA = YES;
				CLANG_WARN_CONSTANT_CONVERSION = YES;
				CLANG_WARN_DEPRECATED_OBJC_IMPLEMENTATIONS = YES;
				CLANG_WARN_DIRECT_OBJC_ISA_USAGE = YES_ERROR;
				CLANG_WARN_DOCUMENTATION_COMMENTS = YES;
				CLANG_WARN_EMPTY_BODY = YES;
				CLANG_WARN_ENUM_CONVERSION = YES;
				CLANG_WARN_INFINITE_RECURSION = YES;
				CLANG_WARN_INT_CONVERSION = YES;
				CLANG_WARN_NON_LITERAL_NULL_CONVERSION = YES;
				CLANG_WARN_OBJC_IMPLICIT_RETAIN_SELF = YES;
				CLANG_WARN_OBJC_LITERAL_CONVERSION = YES;
				CLANG_WARN_OBJC_ROOT_CLASS = YES_ERROR;
				CLANG_WARN_QUOTED_INCLUDE_IN_FRAMEWORK_HEADER = YES;
				CLANG_WARN_RANGE_LOOP_ANALYSIS = YES;
				CLANG_WARN_STRICT_PROTOTYPES = YES;
				CLANG_WARN_SUSPICIOUS_MOVE = YES;
				CLANG_WARN_UNGUARDED_AVAILABILITY = YES_AGGRESSIVE;
				CLANG_WARN_UNREACHABLE_CODE = YES;
				CLANG_WARN__DUPLICATE_METHOD_MATCH = YES;
				COPY_PHASE_STRIP = NO;
				DEBUG_INFORMATION_FORMAT = "dwarf-with-dsym";
				ENABLE_NS_ASSERTIONS = NO;
				ENABLE_STRICT_OBJC_MSGSEND = YES;
				GCC_C_LANGUAGE_STANDARD = gnu11;
				GCC_NO_COMMON_BLOCKS = YES;
				GCC_WARN_64_TO_32_BIT_CONVERSION = YES;
				GCC_WARN_ABOUT_RETURN_TYPE = YES_ERROR;
				GCC_WARN_UNDECLARED_SELECTOR = YES;
				GCC_WARN_UNINITIALIZED_AUTOS = YES_AGGRESSIVE;
				GCC_WARN_UNUSED_FUNCTION = YES;
				GCC_WARN_UNUSED_VARIABLE = YES;
				IPHONEOS_DEPLOYMENT_TARGET = 14.3;
				MTL_ENABLE_DEBUG_INFO = NO;
				MTL_FAST_MATH = YES;
				SDKROOT = iphoneos;
				SWIFT_COMPILATION_MODE = wholemodule;
				SWIFT_OPTIMIZATION_LEVEL = "-O";
				VALIDATE_PRODUCT = YES;
			};
			name = Release;
		};
		87246E00259322E100CA4AE0 /* Debug */ = {
			isa = XCBuildConfiguration;
			baseConfigurationReference = CC5A9A2691549B603EBA5362 /* Pods-test.debug.xcconfig */;
			buildSettings = {
				ASSETCATALOG_COMPILER_APPICON_NAME = AppIcon;
				ASSETCATALOG_COMPILER_GLOBAL_ACCENT_COLOR_NAME = AccentColor;
				CODE_SIGN_STYLE = Automatic;
				DEVELOPMENT_TEAM = 83C5A9MTT4;
				INFOPLIST_FILE = test/Info.plist;
				LD_RUNPATH_SEARCH_PATHS = (
					"$(inherited)",
					"@executable_path/Frameworks",
				);
				PRODUCT_BUNDLE_IDENTIFIER = test.test;
				PRODUCT_NAME = "$(TARGET_NAME)";
				SWIFT_VERSION = 5.0;
				TARGETED_DEVICE_FAMILY = "1,2";
			};
			name = Debug;
		};
		87246E01259322E100CA4AE0 /* Release */ = {
			isa = XCBuildConfiguration;
			baseConfigurationReference = 2BBACD0307FF7D84374CCC9F /* Pods-test.release.xcconfig */;
			buildSettings = {
				ASSETCATALOG_COMPILER_APPICON_NAME = AppIcon;
				ASSETCATALOG_COMPILER_GLOBAL_ACCENT_COLOR_NAME = AccentColor;
				CODE_SIGN_STYLE = Automatic;
				DEVELOPMENT_TEAM = 83C5A9MTT4;
				INFOPLIST_FILE = test/Info.plist;
				LD_RUNPATH_SEARCH_PATHS = (
					"$(inherited)",
					"@executable_path/Frameworks",
				);
				PRODUCT_BUNDLE_IDENTIFIER = test.test;
				PRODUCT_NAME = "$(TARGET_NAME)";
				SWIFT_VERSION = 5.0;
				TARGETED_DEVICE_FAMILY = "1,2";
			};
			name = Release;
		};
/* End XCBuildConfiguration section */

/* Begin XCConfigurationList section */
		87246DE3259322DE00CA4AE0 /* Build configuration list for PBXProject "test" */ = {
			isa = XCConfigurationList;
			buildConfigurations = (
				87246DFD259322E100CA4AE0 /* Debug */,
				87246DFE259322E100CA4AE0 /* Release */,
			);
			defaultConfigurationIsVisible = 0;
			defaultConfigurationName = Release;
		};
		87246DFF259322E100CA4AE0 /* Build configuration list for PBXNativeTarget "test" */ = {
			isa = XCConfigurationList;
			buildConfigurations = (
				87246E00259322E100CA4AE0 /* Debug */,
				87246E01259322E100CA4AE0 /* Release */,
			);
			defaultConfigurationIsVisible = 0;
			defaultConfigurationName = Release;
		};
/* End XCConfigurationList section */

/* Begin XCVersionGroup section */
		87246DF4259322DE00CA4AE0 /* test.xcdatamodeld */ = {
			isa = XCVersionGroup;
			children = (
				87246DF5259322DE00CA4AE0 /* test.xcdatamodel */,
			);
			currentVersion = 87246DF5259322DE00CA4AE0 /* test.xcdatamodel */;
			path = test.xcdatamodeld;
			sourceTree = "<group>";
			versionGroupType = wrapper.xcdatamodel;
		};
/* End XCVersionGroup section */
	};
	rootObject = 87246DE0259322DE00CA4AE0 /* Project object */;
}
